// !$*UTF8*$!
{
	archiveVersion = 1;
	classes = {
	};
	objectVersion = 50;
	objects = {

/* Begin PBXBuildFile section */
		5E2E5B0726E1FEB6009A404A /* QuestionsViewController.swift in Sources */ = {isa = PBXBuildFile; fileRef = 5E2E5B0626E1FEB6009A404A /* QuestionsViewController.swift */; };
		5E2E5B0926E1FECA009A404A /* ResultsViewController.swift in Sources */ = {isa = PBXBuildFile; fileRef = 5E2E5B0826E1FECA009A404A /* ResultsViewController.swift */; };
		5E3B75CE26B5903500E31025 /* Question.swift in Sources */ = {isa = PBXBuildFile; fileRef = 5E3B75CD26B5903500E31025 /* Question.swift */; };
		5EF7EE6026AC5F6500DCBFEC /* AppDelegate.swift in Sources */ = {isa = PBXBuildFile; fileRef = 5EF7EE5F26AC5F6500DCBFEC /* AppDelegate.swift */; };
		5EF7EE6226AC5F6500DCBFEC /* SceneDelegate.swift in Sources */ = {isa = PBXBuildFile; fileRef = 5EF7EE6126AC5F6500DCBFEC /* SceneDelegate.swift */; };
		5EF7EE6426AC5F6500DCBFEC /* IntroductionViewController.swift in Sources */ = {isa = PBXBuildFile; fileRef = 5EF7EE6326AC5F6500DCBFEC /* IntroductionViewController.swift */; };
		5EF7EE6726AC5F6500DCBFEC /* Main.storyboard in Resources */ = {isa = PBXBuildFile; fileRef = 5EF7EE6526AC5F6500DCBFEC /* Main.storyboard */; };
		5EF7EE6926AC5F6600DCBFEC /* Assets.xcassets in Resources */ = {isa = PBXBuildFile; fileRef = 5EF7EE6826AC5F6600DCBFEC /* Assets.xcassets */; };
		5EF7EE6C26AC5F6600DCBFEC /* LaunchScreen.storyboard in Resources */ = {isa = PBXBuildFile; fileRef = 5EF7EE6A26AC5F6600DCBFEC /* LaunchScreen.storyboard */; };
/* End PBXBuildFile section */

/* Begin PBXFileReference section */
		5E2E5B0626E1FEB6009A404A /* QuestionsViewController.swift */ = {isa = PBXFileReference; lastKnownFileType = sourcecode.swift; path = QuestionsViewController.swift; sourceTree = "<group>"; };
		5E2E5B0826E1FECA009A404A /* ResultsViewController.swift */ = {isa = PBXFileReference; lastKnownFileType = sourcecode.swift; path = ResultsViewController.swift; sourceTree = "<group>"; };
		5E3B75CD26B5903500E31025 /* Question.swift */ = {isa = PBXFileReference; lastKnownFileType = sourcecode.swift; path = Question.swift; sourceTree = "<group>"; };
		5EF7EE5C26AC5F6500DCBFEC /* PersonalQuizLesson.app */ = {isa = PBXFileReference; explicitFileType = wrapper.application; includeInIndex = 0; path = PersonalQuizLesson.app; sourceTree = BUILT_PRODUCTS_DIR; };
		5EF7EE5F26AC5F6500DCBFEC /* AppDelegate.swift */ = {isa = PBXFileReference; lastKnownFileType = sourcecode.swift; path = AppDelegate.swift; sourceTree = "<group>"; };
		5EF7EE6126AC5F6500DCBFEC /* SceneDelegate.swift */ = {isa = PBXFileReference; lastKnownFileType = sourcecode.swift; path = SceneDelegate.swift; sourceTree = "<group>"; };
		5EF7EE6326AC5F6500DCBFEC /* IntroductionViewController.swift */ = {isa = PBXFileReference; lastKnownFileType = sourcecode.swift; path = IntroductionViewController.swift; sourceTree = "<group>"; };
		5EF7EE6626AC5F6500DCBFEC /* Base */ = {isa = PBXFileReference; lastKnownFileType = file.storyboard; name = Base; path = Base.lproj/Main.storyboard; sourceTree = "<group>"; };
		5EF7EE6826AC5F6600DCBFEC /* Assets.xcassets */ = {isa = PBXFileReference; lastKnownFileType = folder.assetcatalog; path = Assets.xcassets; sourceTree = "<group>"; };
		5EF7EE6B26AC5F6600DCBFEC /* Base */ = {isa = PBXFileReference; lastKnownFileType = file.storyboard; name = Base; path = Base.lproj/LaunchScreen.storyboard; sourceTree = "<group>"; };
		5EF7EE6D26AC5F6600DCBFEC /* Info.plist */ = {isa = PBXFileReference; lastKnownFileType = text.plist.xml; path = Info.plist; sourceTree = "<group>"; };
/* End PBXFileReference section */

/* Begin PBXFrameworksBuildPhase section */
		5EF7EE5926AC5F6500DCBFEC /* Frameworks */ = {
			isa = PBXFrameworksBuildPhase;
			buildActionMask = 2147483647;
			files = (
			);
			runOnlyForDeploymentPostprocessing = 0;
		};
/* End PBXFrameworksBuildPhase section */

/* Begin PBXGroup section */
		5EF7EE5326AC5F6500DCBFEC = {
			isa = PBXGroup;
			children = (
				5EF7EE5E26AC5F6500DCBFEC /* PersonalQuizLesson */,
				5EF7EE5D26AC5F6500DCBFEC /* Products */,
			);
			sourceTree = "<group>";
		};
		5EF7EE5D26AC5F6500DCBFEC /* Products */ = {
			isa = PBXGroup;
			children = (
				5EF7EE5C26AC5F6500DCBFEC /* PersonalQuizLesson.app */,
			);
			name = Products;
			sourceTree = "<group>";
		};
		5EF7EE5E26AC5F6500DCBFEC /* PersonalQuizLesson */ = {
			isa = PBXGroup;
			children = (
				5EF7EE7426AC616300DCBFEC /* Models */,
				5EF7EE7326AC613200DCBFEC /* ViewControllers */,
				5EF7EE7726AC61AB00DCBFEC /* Supporting */,
				5EF7EE7526AC618000DCBFEC /* Storyboards */,
				5EF7EE7626AC619100DCBFEC /* Resources */,
			);
			path = PersonalQuizLesson;
			sourceTree = "<group>";
		};
		5EF7EE7326AC613200DCBFEC /* ViewControllers */ = {
			isa = PBXGroup;
			children = (
				5EF7EE6326AC5F6500DCBFEC /* IntroductionViewController.swift */,
				5E2E5B0626E1FEB6009A404A /* QuestionsViewController.swift */,
				5E2E5B0826E1FECA009A404A /* ResultsViewController.swift */,
			);
			path = ViewControllers;
			sourceTree = "<group>";
		};
		5EF7EE7426AC616300DCBFEC /* Models */ = {
			isa = PBXGroup;
			children = (
				5E3B75CD26B5903500E31025 /* Question.swift */,
			);
			path = Models;
			sourceTree = "<group>";
		};
		5EF7EE7526AC618000DCBFEC /* Storyboards */ = {
			isa = PBXGroup;
			children = (
				5EF7EE6526AC5F6500DCBFEC /* Main.storyboard */,
				5EF7EE6A26AC5F6600DCBFEC /* LaunchScreen.storyboard */,
			);
			path = Storyboards;
			sourceTree = "<group>";
		};
		5EF7EE7626AC619100DCBFEC /* Resources */ = {
			isa = PBXGroup;
			children = (
				5EF7EE6826AC5F6600DCBFEC /* Assets.xcassets */,
			);
			path = Resources;
			sourceTree = "<group>";
		};
		5EF7EE7726AC61AB00DCBFEC /* Supporting */ = {
			isa = PBXGroup;
			children = (
				5EF7EE5F26AC5F6500DCBFEC /* AppDelegate.swift */,
				5EF7EE6126AC5F6500DCBFEC /* SceneDelegate.swift */,
				5EF7EE6D26AC5F6600DCBFEC /* Info.plist */,
			);
			path = Supporting;
			sourceTree = "<group>";
		};
/* End PBXGroup section */

/* Begin PBXNativeTarget section */
		5EF7EE5B26AC5F6500DCBFEC /* PersonalQuizLesson */ = {
			isa = PBXNativeTarget;
			buildConfigurationList = 5EF7EE7026AC5F6600DCBFEC /* Build configuration list for PBXNativeTarget "PersonalQuizLesson" */;
			buildPhases = (
				5EF7EE5826AC5F6500DCBFEC /* Sources */,
				5EF7EE5926AC5F6500DCBFEC /* Frameworks */,
				5EF7EE5A26AC5F6500DCBFEC /* Resources */,
			);
			buildRules = (
			);
			dependencies = (
			);
			name = PersonalQuizLesson;
			productName = PersonalQuizLesson;
			productReference = 5EF7EE5C26AC5F6500DCBFEC /* PersonalQuizLesson.app */;
			productType = "com.apple.product-type.application";
		};
/* End PBXNativeTarget section */

/* Begin PBXProject section */
		5EF7EE5426AC5F6500DCBFEC /* Project object */ = {
			isa = PBXProject;
			attributes = {
				LastSwiftUpdateCheck = 1250;
				LastUpgradeCheck = 1250;
				TargetAttributes = {
					5EF7EE5B26AC5F6500DCBFEC = {
						CreatedOnToolsVersion = 12.5.1;
					};
				};
			};
			buildConfigurationList = 5EF7EE5726AC5F6500DCBFEC /* Build configuration list for PBXProject "PersonalQuizLesson" */;
			compatibilityVersion = "Xcode 9.3";
			developmentRegion = en;
			hasScannedForEncodings = 0;
			knownRegions = (
				en,
				Base,
			);
			mainGroup = 5EF7EE5326AC5F6500DCBFEC;
			productRefGroup = 5EF7EE5D26AC5F6500DCBFEC /* Products */;
			projectDirPath = "";
			projectRoot = "";
			targets = (
				5EF7EE5B26AC5F6500DCBFEC /* PersonalQuizLesson */,
			);
		};
/* End PBXProject section */

/* Begin PBXResourcesBuildPhase section */
		5EF7EE5A26AC5F6500DCBFEC /* Resources */ = {
			isa = PBXResourcesBuildPhase;
			buildActionMask = 2147483647;
			files = (
				5EF7EE6C26AC5F6600DCBFEC /* LaunchScreen.storyboard in Resources */,
				5EF7EE6926AC5F6600DCBFEC /* Assets.xcassets in Resources */,
				5EF7EE6726AC5F6500DCBFEC /* Main.storyboard in Resources */,
			);
			runOnlyForDeploymentPostprocessing = 0;
		};
/* End PBXResourcesBuildPhase section */

/* Begin PBXSourcesBuildPhase section */
		5EF7EE5826AC5F6500DCBFEC /* Sources */ = {
			isa = PBXSourcesBuildPhase;
			buildActionMask = 2147483647;
			files = (
				5EF7EE6426AC5F6500DCBFEC /* IntroductionViewController.swift in Sources */,
				5E2E5B0726E1FEB6009A404A /* QuestionsViewController.swift in Sources */,
				5E3B75CE26B5903500E31025 /* Question.swift in Sources */,
				5EF7EE6026AC5F6500DCBFEC /* AppDelegate.swift in Sources */,
				5EF7EE6226AC5F6500DCBFEC /* SceneDelegate.swift in Sources */,
				5E2E5B0926E1FECA009A404A /* ResultsViewController.swift in Sources */,
			);
			runOnlyForDeploymentPostprocessing = 0;
		};
/* End PBXSourcesBuildPhase section */

/* Begin PBXVariantGroup section */
		5EF7EE6526AC5F6500DCBFEC /* Main.storyboard */ = {
			isa = PBXVariantGroup;
			children = (
				5EF7EE6626AC5F6500DCBFEC /* Base */,
			);
			name = Main.storyboard;
			sourceTree = "<group>";
		};
		5EF7EE6A26AC5F6600DCBFEC /* LaunchScreen.storyboard */ = {
			isa = PBXVariantGroup;
			children = (
				5EF7EE6B26AC5F6600DCBFEC /* Base */,
			);
			name = LaunchScreen.storyboard;
			sourceTree = "<group>";
		};
/* End PBXVariantGroup section */

/* Begin XCBuildConfiguration section */
		5EF7EE6E26AC5F6600DCBFEC /* Debug */ = {
			isa = XCBuildConfiguration;
			buildSettings = {
				ALWAYS_SEARCH_USER_PATHS = NO;
				CLANG_ANALYZER_NONNULL = YES;
				CLANG_ANALYZER_NUMBER_OBJECT_CONVERSION = YES_AGGRESSIVE;
				CLANG_CXX_LANGUAGE_STANDARD = "gnu++14";
				CLANG_CXX_LIBRARY = "libc++";
				CLANG_ENABLE_MODULES = YES;
				CLANG_ENABLE_OBJC_ARC = YES;
				CLANG_ENABLE_OBJC_WEAK = YES;
				CLANG_WARN_BLOCK_CAPTURE_AUTORELEASING = YES;
				CLANG_WARN_BOOL_CONVERSION = YES;
				CLANG_WARN_COMMA = YES;
				CLANG_WARN_CONSTANT_CONVERSION = YES;
				CLANG_WARN_DEPRECATED_OBJC_IMPLEMENTATIONS = YES;
				CLANG_WARN_DIRECT_OBJC_ISA_USAGE = YES_ERROR;
				CLANG_WARN_DOCUMENTATION_COMMENTS = YES;
				CLANG_WARN_EMPTY_BODY = YES;
				CLANG_WARN_ENUM_CONVERSION = YES;
				CLANG_WARN_INFINITE_RECURSION = YES;
				CLANG_WARN_INT_CONVERSION = YES;
				CLANG_WARN_NON_LITERAL_NULL_CONVERSION = YES;
				CLANG_WARN_OBJC_IMPLICIT_RETAIN_SELF = YES;
				CLANG_WARN_OBJC_LITERAL_CONVERSION = YES;
				CLANG_WARN_OBJC_ROOT_CLASS = YES_ERROR;
				CLANG_WARN_QUOTED_INCLUDE_IN_FRAMEWORK_HEADER = YES;
				CLANG_WARN_RANGE_LOOP_ANALYSIS = YES;
				CLANG_WARN_STRICT_PROTOTYPES = YES;
				CLANG_WARN_SUSPICIOUS_MOVE = YES;
				CLANG_WARN_UNGUARDED_AVAILABILITY = YES_AGGRESSIVE;
				CLANG_WARN_UNREACHABLE_CODE = YES;
				CLANG_WARN__DUPLICATE_METHOD_MATCH = YES;
				COPY_PHASE_STRIP = NO;
				DEBUG_INFORMATION_FORMAT = dwarf;
				ENABLE_STRICT_OBJC_MSGSEND = YES;
				ENABLE_TESTABILITY = YES;
				GCC_C_LANGUAGE_STANDARD = gnu11;
				GCC_DYNAMIC_NO_PIC = NO;
				GCC_NO_COMMON_BLOCKS = YES;
				GCC_OPTIMIZATION_LEVEL = 0;
				GCC_PREPROCESSOR_DEFINITIONS = (
					"DEBUG=1",
					"$(inherited)",
				);
				GCC_WARN_64_TO_32_BIT_CONVERSION = YES;
				GCC_WARN_ABOUT_RETURN_TYPE = YES_ERROR;
				GCC_WARN_UNDECLARED_SELECTOR = YES;
				GCC_WARN_UNINITIALIZED_AUTOS = YES_AGGRESSIVE;
				GCC_WARN_UNUSED_FUNCTION = YES;
				GCC_WARN_UNUSED_VARIABLE = YES;
				IPHONEOS_DEPLOYMENT_TARGET = 14.5;
				MTL_ENABLE_DEBUG_INFO = INCLUDE_SOURCE;
				MTL_FAST_MATH = YES;
				ONLY_ACTIVE_ARCH = YES;
				SDKROOT = iphoneos;
				SWIFT_ACTIVE_COMPILATION_CONDITIONS = DEBUG;
				SWIFT_OPTIMIZATION_LEVEL = "-Onone";
			};
			name = Debug;
		};
		5EF7EE6F26AC5F6600DCBFEC /* Release */ = {
			isa = XCBuildConfiguration;
			buildSettings = {
				ALWAYS_SEARCH_USER_PATHS = NO;
				CLANG_ANALYZER_NONNULL = YES;
				CLANG_ANALYZER_NUMBER_OBJECT_CONVERSION = YES_AGGRESSIVE;
				CLANG_CXX_LANGUAGE_STANDARD = "gnu++14";
				CLANG_CXX_LIBRARY = "libc++";
				CLANG_ENABLE_MODULES = YES;
				CLANG_ENABLE_OBJC_ARC = YES;
				CLANG_ENABLE_OBJC_WEAK = YES;
				CLANG_WARN_BLOCK_CAPTURE_AUTORELEASING = YES;
				CLANG_WARN_BOOL_CONVERSION = YES;
				CLANG_WARN_COMMA = YES;
				CLANG_WARN_CONSTANT_CONVERSION = YES;
				CLANG_WARN_DEPRECATED_OBJC_IMPLEMENTATIONS = YES;
				CLANG_WARN_DIRECT_OBJC_ISA_USAGE = YES_ERROR;
				CLANG_WARN_DOCUMENTATION_COMMENTS = YES;
				CLANG_WARN_EMPTY_BODY = YES;
				CLANG_WARN_ENUM_CONVERSION = YES;
				CLANG_WARN_INFINITE_RECURSION = YES;
				CLANG_WARN_INT_CONVERSION = YES;
				CLANG_WARN_NON_LITERAL_NULL_CONVERSION = YES;
				CLANG_WARN_OBJC_IMPLICIT_RETAIN_SELF = YES;
				CLANG_WARN_OBJC_LITERAL_CONVERSION = YES;
				CLANG_WARN_OBJC_ROOT_CLASS = YES_ERROR;
				CLANG_WARN_QUOTED_INCLUDE_IN_FRAMEWORK_HEADER = YES;
				CLANG_WARN_RANGE_LOOP_ANALYSIS = YES;
				CLANG_WARN_STRICT_PROTOTYPES = YES;
				CLANG_WARN_SUSPICIOUS_MOVE = YES;
				CLANG_WARN_UNGUARDED_AVAILABILITY = YES_AGGRESSIVE;
				CLANG_WARN_UNREACHABLE_CODE = YES;
				CLANG_WARN__DUPLICATE_METHOD_MATCH = YES;
				COPY_PHASE_STRIP = NO;
				DEBUG_INFORMATION_FORMAT = "dwarf-with-dsym";
				ENABLE_NS_ASSERTIONS = NO;
				ENABLE_STRICT_OBJC_MSGSEND = YES;
				GCC_C_LANGUAGE_STANDARD = gnu11;
				GCC_NO_COMMON_BLOCKS = YES;
				GCC_WARN_64_TO_32_BIT_CONVERSION = YES;
				GCC_WARN_ABOUT_RETURN_TYPE = YES_ERROR;
				GCC_WARN_UNDECLARED_SELECTOR = YES;
				GCC_WARN_UNINITIALIZED_AUTOS = YES_AGGRESSIVE;
				GCC_WARN_UNUSED_FUNCTION = YES;
				GCC_WARN_UNUSED_VARIABLE = YES;
				IPHONEOS_DEPLOYMENT_TARGET = 14.5;
				MTL_ENABLE_DEBUG_INFO = NO;
				MTL_FAST_MATH = YES;
				SDKROOT = iphoneos;
				SWIFT_COMPILATION_MODE = wholemodule;
				SWIFT_OPTIMIZATION_LEVEL = "-O";
				VALIDATE_PRODUCT = YES;
			};
			name = Release;
		};
		5EF7EE7126AC5F6600DCBFEC /* Debug */ = {
			isa = XCBuildConfiguration;
			buildSettings = {
				ASSETCATALOG_COMPILER_APPICON_NAME = AppIcon;
				ASSETCATALOG_COMPILER_GLOBAL_ACCENT_COLOR_NAME = AccentColor;
				CODE_SIGN_STYLE = Automatic;
				DEVELOPMENT_TEAM = 3523D9K6N2;
				INFOPLIST_FILE = PersonalQuizLesson/Supporting/Info.plist;
				LD_RUNPATH_SEARCH_PATHS = (
					"$(inherited)",
					"@executable_path/Frameworks",
				);
				PRODUCT_BUNDLE_IDENTIFIER = ru.Crossy.PersonalQuizLesson;
				PRODUCT_NAME = "$(TARGET_NAME)";
				SWIFT_VERSION = 5.0;
				TARGETED_DEVICE_FAMILY = 1;
			};
			name = Debug;
		};
		5EF7EE7226AC5F6600DCBFEC /* Release */ = {
			isa = XCBuildConfiguration;
			buildSettings = {
				ASSETCATALOG_COMPILER_APPICON_NAME = AppIcon;
				ASSETCATALOG_COMPILER_GLOBAL_ACCENT_COLOR_NAME = AccentColor;
				CODE_SIGN_STYLE = Automatic;
				DEVELOPMENT_TEAM = 3523D9K6N2;
				INFOPLIST_FILE = PersonalQuizLesson/Supporting/Info.plist;
				LD_RUNPATH_SEARCH_PATHS = (
					"$(inherited)",
					"@executable_path/Frameworks",
				);
				PRODUCT_BUNDLE_IDENTIFIER = ru.Crossy.PersonalQuizLesson;
				PRODUCT_NAME = "$(TARGET_NAME)";
				SWIFT_VERSION = 5.0;
				TARGETED_DEVICE_FAMILY = 1;
			};
			name = Release;
		};
/* End XCBuildConfiguration section */

/* Begin XCConfigurationList section */
		5EF7EE5726AC5F6500DCBFEC /* Build configuration list for PBXProject "PersonalQuizLesson" */ = {
			isa = XCConfigurationList;
			buildConfigurations = (
				5EF7EE6E26AC5F6600DCBFEC /* Debug */,
				5EF7EE6F26AC5F6600DCBFEC /* Release */,
			);
			defaultConfigurationIsVisible = 0;
			defaultConfigurationName = Release;
		};
		5EF7EE7026AC5F6600DCBFEC /* Build configuration list for PBXNativeTarget "PersonalQuizLesson" */ = {
			isa = XCConfigurationList;
			buildConfigurations = (
				5EF7EE7126AC5F6600DCBFEC /* Debug */,
				5EF7EE7226AC5F6600DCBFEC /* Release */,
			);
			defaultConfigurationIsVisible = 0;
			defaultConfigurationName = Release;
		};
/* End XCConfigurationList section */
	};
	rootObject = 5EF7EE5426AC5F6500DCBFEC /* Project object */;
}
